
Microsoft Visual Studio Solution File, Format Version 12.00
# Visual Studio Version 17
VisualStudioVersion = 17.13.35825.156 d17.13
MinimumVisualStudioVersion = 10.0.40219.1
Project("{FAE04EC0-301F-11D3-BF4B-00C04F79EFBC}") = "Modul6_Kel31", "Modul6_Kel31\Modul6_Kel31.csproj", "{C9FE383F-3F3C-4CC7-AF70-2D410BE67981}"
EndProject
Global
	GlobalSection(SolutionConfigurationPlatforms) = preSolution
		Debug|Any CPU = Debug|Any CPU
		Release|Any CPU = Release|Any CPU
	EndGlobalSection
	GlobalSection(ProjectConfigurationPlatforms) = postSolution
		{C9FE383F-3F3C-4CC7-AF70-2D410BE67981}.Debug|Any CPU.ActiveCfg = Debug|Any CPU
		{C9FE383F-3F3C-4CC7-AF70-2D410BE67981}.Debug|Any CPU.Build.0 = Debug|Any CPU
		{C9FE383F-3F3C-4CC7-AF70-2D410BE67981}.Release|Any CPU.ActiveCfg = Release|Any CPU
		{C9FE383F-3F3C-4CC7-AF70-2D410BE67981}.Release|Any CPU.Build.0 = Release|Any CPU
	EndGlobalSection
	GlobalSection(SolutionProperties) = preSolution
		HideSolutionNode = FALSE
	EndGlobalSection
	GlobalSection(ExtensibilityGlobals) = postSolution
		SolutionGuid = {84F989F4-702D-43D2-948D-0D2E4860497F}
	EndGlobalSection
EndGlobal
